
Microsoft Visual Studio Solution File, Format Version 12.00
# Visual Studio Version 16
VisualStudioVersion = 16.0.29509.3
MinimumVisualStudioVersion = 10.0.40219.1
Project("{9A19103F-16F7-4668-BE54-9A1E7A4F7556}") = "AAS_Testrunner", "AAS_Modeling\AAS_Testrunner.csproj", "{DF4D49A8-7B82-402E-A22B-4E7C1CA8BCFC}"
EndProject
Project("{FAE04EC0-301F-11D3-BF4B-00C04F79EFBC}") = "AASTool", "AASTool\AASTool.csproj", "{21FEA401-5FD0-43C3-BAFD-D48AF952B825}"
EndProject
Project("{FAE04EC0-301F-11D3-BF4B-00C04F79EFBC}") = "AAS_Core", "AAS_Core\AAS_Core.csproj", "{C346D75A-B1FC-4A5D-B8BF-9C7FC25F463B}"
EndProject
Project("{FAE04EC0-301F-11D3-BF4B-00C04F79EFBC}") = "AAS_Resource", "AAS_Resource\AAS_Resource.csproj", "{45EE52F0-44F9-4BA2-9B2A-D293A27EC3C4}"
EndProject
Global
	GlobalSection(SolutionConfigurationPlatforms) = preSolution
		Debug|Any CPU = Debug|Any CPU
		Release|Any CPU = Release|Any CPU
	EndGlobalSection
	GlobalSection(ProjectConfigurationPlatforms) = postSolution
		{DF4D49A8-7B82-402E-A22B-4E7C1CA8BCFC}.Debug|Any CPU.ActiveCfg = Debug|Any CPU
		{DF4D49A8-7B82-402E-A22B-4E7C1CA8BCFC}.Debug|Any CPU.Build.0 = Debug|Any CPU
		{DF4D49A8-7B82-402E-A22B-4E7C1CA8BCFC}.Release|Any CPU.ActiveCfg = Release|Any CPU
		{DF4D49A8-7B82-402E-A22B-4E7C1CA8BCFC}.Release|Any CPU.Build.0 = Release|Any CPU
		{21FEA401-5FD0-43C3-BAFD-D48AF952B825}.Debug|Any CPU.ActiveCfg = Debug|Any CPU
		{21FEA401-5FD0-43C3-BAFD-D48AF952B825}.Debug|Any CPU.Build.0 = Debug|Any CPU
		{21FEA401-5FD0-43C3-BAFD-D48AF952B825}.Release|Any CPU.ActiveCfg = Release|Any CPU
		{21FEA401-5FD0-43C3-BAFD-D48AF952B825}.Release|Any CPU.Build.0 = Release|Any CPU
		{C346D75A-B1FC-4A5D-B8BF-9C7FC25F463B}.Debug|Any CPU.ActiveCfg = Debug|Any CPU
		{C346D75A-B1FC-4A5D-B8BF-9C7FC25F463B}.Debug|Any CPU.Build.0 = Debug|Any CPU
		{C346D75A-B1FC-4A5D-B8BF-9C7FC25F463B}.Release|Any CPU.ActiveCfg = Release|Any CPU
		{C346D75A-B1FC-4A5D-B8BF-9C7FC25F463B}.Release|Any CPU.Build.0 = Release|Any CPU
		{45EE52F0-44F9-4BA2-9B2A-D293A27EC3C4}.Debug|Any CPU.ActiveCfg = Debug|Any CPU
		{45EE52F0-44F9-4BA2-9B2A-D293A27EC3C4}.Debug|Any CPU.Build.0 = Debug|Any CPU
		{45EE52F0-44F9-4BA2-9B2A-D293A27EC3C4}.Release|Any CPU.ActiveCfg = Release|Any CPU
		{45EE52F0-44F9-4BA2-9B2A-D293A27EC3C4}.Release|Any CPU.Build.0 = Release|Any CPU
	EndGlobalSection
	GlobalSection(SolutionProperties) = preSolution
		HideSolutionNode = FALSE
	EndGlobalSection
	GlobalSection(ExtensibilityGlobals) = postSolution
		SolutionGuid = {06393839-950A-42BA-B77D-B8446A2592F8}
	EndGlobalSection
EndGlobal
