
Microsoft Visual Studio Solution File, Format Version 12.00
# Visual Studio Version 16
VisualStudioVersion = 16.0.29509.3
MinimumVisualStudioVersion = 10.0.40219.1
Project("{FAE04EC0-301F-11D3-BF4B-00C04F79EFBC}") = "AAS_Modeling", "AAS_Modeling\AAS_Modeling.csproj", "{DF4D49A8-7B82-402E-A22B-4E7C1CA8BCFC}"
EndProject
Global
	GlobalSection(SolutionConfigurationPlatforms) = preSolution
		Debug|Any CPU = Debug|Any CPU
		Release|Any CPU = Release|Any CPU
	EndGlobalSection
	GlobalSection(ProjectConfigurationPlatforms) = postSolution
		{DF4D49A8-7B82-402E-A22B-4E7C1CA8BCFC}.Debug|Any CPU.ActiveCfg = Debug|Any CPU
		{DF4D49A8-7B82-402E-A22B-4E7C1CA8BCFC}.Debug|Any CPU.Build.0 = Debug|Any CPU
		{DF4D49A8-7B82-402E-A22B-4E7C1CA8BCFC}.Release|Any CPU.ActiveCfg = Release|Any CPU
		{DF4D49A8-7B82-402E-A22B-4E7C1CA8BCFC}.Release|Any CPU.Build.0 = Release|Any CPU
	EndGlobalSection
	GlobalSection(SolutionProperties) = preSolution
		HideSolutionNode = FALSE
	EndGlobalSection
	GlobalSection(ExtensibilityGlobals) = postSolution
		SolutionGuid = {06393839-950A-42BA-B77D-B8446A2592F8}
	EndGlobalSection
EndGlobal
